
Microsoft Visual Studio Solution File, Format Version 12.00
# Visual Studio 15
VisualStudioVersion = 15.0.28307.329
MinimumVisualStudioVersion = 10.0.40219.1
Project("{8BC9CEB8-8B4A-11D0-8D11-00A0C91BC942}") = "No_001", "No_001.vcxproj", "{4B8024AC-52C6-4518-9CF5-B3383DDFDE1B}"
EndProject
Project("{8BC9CEB8-8B4A-11D0-8D11-00A0C91BC942}") = "No_007", "..\No_007\No_007.vcxproj", "{4EBD19BC-4D3E-452B-8DCC-763F6F1A6E10}"
EndProject
Project("{8BC9CEB8-8B4A-11D0-8D11-00A0C91BC942}") = "No_026", "..\No_026\No_026.vcxproj", "{AC899AA3-3C4C-4A71-8685-F0EE64F143E3}"
EndProject
Project("{8BC9CEB8-8B4A-11D0-8D11-00A0C91BC942}") = "No_011", "..\No_011\No_011.vcxproj", "{C89358B0-D4F5-4EF5-B078-5AD8A42F4758}"
EndProject
Project("{8BC9CEB8-8B4A-11D0-8D11-00A0C91BC942}") = "No_015", "..\No_015\No_015.vcxproj", "{FAAC1A48-C1EB-4010-9062-6B1C747A2FD2}"
EndProject
Global
	GlobalSection(SolutionConfigurationPlatforms) = preSolution
		Debug|x64 = Debug|x64
		Debug|x86 = Debug|x86
		Release|x64 = Release|x64
		Release|x86 = Release|x86
	EndGlobalSection
	GlobalSection(ProjectConfigurationPlatforms) = postSolution
		{4B8024AC-52C6-4518-9CF5-B3383DDFDE1B}.Debug|x64.ActiveCfg = Debug|x64
		{4B8024AC-52C6-4518-9CF5-B3383DDFDE1B}.Debug|x64.Build.0 = Debug|x64
		{4B8024AC-52C6-4518-9CF5-B3383DDFDE1B}.Debug|x86.ActiveCfg = Debug|Win32
		{4B8024AC-52C6-4518-9CF5-B3383DDFDE1B}.Debug|x86.Build.0 = Debug|Win32
		{4B8024AC-52C6-4518-9CF5-B3383DDFDE1B}.Release|x64.ActiveCfg = Release|x64
		{4B8024AC-52C6-4518-9CF5-B3383DDFDE1B}.Release|x64.Build.0 = Release|x64
		{4B8024AC-52C6-4518-9CF5-B3383DDFDE1B}.Release|x86.ActiveCfg = Release|Win32
		{4B8024AC-52C6-4518-9CF5-B3383DDFDE1B}.Release|x86.Build.0 = Release|Win32
		{4EBD19BC-4D3E-452B-8DCC-763F6F1A6E10}.Debug|x64.ActiveCfg = Debug|x64
		{4EBD19BC-4D3E-452B-8DCC-763F6F1A6E10}.Debug|x64.Build.0 = Debug|x64
		{4EBD19BC-4D3E-452B-8DCC-763F6F1A6E10}.Debug|x86.ActiveCfg = Debug|Win32
		{4EBD19BC-4D3E-452B-8DCC-763F6F1A6E10}.Debug|x86.Build.0 = Debug|Win32
		{4EBD19BC-4D3E-452B-8DCC-763F6F1A6E10}.Release|x64.ActiveCfg = Release|x64
		{4EBD19BC-4D3E-452B-8DCC-763F6F1A6E10}.Release|x64.Build.0 = Release|x64
		{4EBD19BC-4D3E-452B-8DCC-763F6F1A6E10}.Release|x86.ActiveCfg = Release|Win32
		{4EBD19BC-4D3E-452B-8DCC-763F6F1A6E10}.Release|x86.Build.0 = Release|Win32
		{AC899AA3-3C4C-4A71-8685-F0EE64F143E3}.Debug|x64.ActiveCfg = Debug|x64
		{AC899AA3-3C4C-4A71-8685-F0EE64F143E3}.Debug|x64.Build.0 = Debug|x64
		{AC899AA3-3C4C-4A71-8685-F0EE64F143E3}.Debug|x86.ActiveCfg = Debug|Win32
		{AC899AA3-3C4C-4A71-8685-F0EE64F143E3}.Debug|x86.Build.0 = Debug|Win32
		{AC899AA3-3C4C-4A71-8685-F0EE64F143E3}.Release|x64.ActiveCfg = Release|x64
		{AC899AA3-3C4C-4A71-8685-F0EE64F143E3}.Release|x64.Build.0 = Release|x64
		{AC899AA3-3C4C-4A71-8685-F0EE64F143E3}.Release|x86.ActiveCfg = Release|Win32
		{AC899AA3-3C4C-4A71-8685-F0EE64F143E3}.Release|x86.Build.0 = Release|Win32
		{C89358B0-D4F5-4EF5-B078-5AD8A42F4758}.Debug|x64.ActiveCfg = Debug|x64
		{C89358B0-D4F5-4EF5-B078-5AD8A42F4758}.Debug|x64.Build.0 = Debug|x64
		{C89358B0-D4F5-4EF5-B078-5AD8A42F4758}.Debug|x86.ActiveCfg = Debug|Win32
		{C89358B0-D4F5-4EF5-B078-5AD8A42F4758}.Debug|x86.Build.0 = Debug|Win32
		{C89358B0-D4F5-4EF5-B078-5AD8A42F4758}.Release|x64.ActiveCfg = Release|x64
		{C89358B0-D4F5-4EF5-B078-5AD8A42F4758}.Release|x64.Build.0 = Release|x64
		{C89358B0-D4F5-4EF5-B078-5AD8A42F4758}.Release|x86.ActiveCfg = Release|Win32
		{C89358B0-D4F5-4EF5-B078-5AD8A42F4758}.Release|x86.Build.0 = Release|Win32
		{FAAC1A48-C1EB-4010-9062-6B1C747A2FD2}.Debug|x64.ActiveCfg = Debug|x64
		{FAAC1A48-C1EB-4010-9062-6B1C747A2FD2}.Debug|x64.Build.0 = Debug|x64
		{FAAC1A48-C1EB-4010-9062-6B1C747A2FD2}.Debug|x86.ActiveCfg = Debug|Win32
		{FAAC1A48-C1EB-4010-9062-6B1C747A2FD2}.Debug|x86.Build.0 = Debug|Win32
		{FAAC1A48-C1EB-4010-9062-6B1C747A2FD2}.Release|x64.ActiveCfg = Release|x64
		{FAAC1A48-C1EB-4010-9062-6B1C747A2FD2}.Release|x64.Build.0 = Release|x64
		{FAAC1A48-C1EB-4010-9062-6B1C747A2FD2}.Release|x86.ActiveCfg = Release|Win32
		{FAAC1A48-C1EB-4010-9062-6B1C747A2FD2}.Release|x86.Build.0 = Release|Win32
	EndGlobalSection
	GlobalSection(SolutionProperties) = preSolution
		HideSolutionNode = FALSE
	EndGlobalSection
	GlobalSection(ExtensibilityGlobals) = postSolution
		SolutionGuid = {14E2D3F7-2A19-4D61-A95F-9170C6B70452}
	EndGlobalSection
EndGlobal
